{
  "name": "@andrewyuan34/decision-harness",
  "version": "0.1.0",
  "lockfileVersion": 3,
  "requires": true,
  "packages": {
    "": {
      "name": "@andrewyuan34/decision-harness",
      "version": "0.1.0",
      "license": "MIT",
      "bin": {
        "decision-harness": "skills/decision-harness/scripts/cli.mjs"
      },
      "engines": {
        "node": ">=22"
      }
    }
  }
}
